
Microsoft Visual Studio Solution File, Format Version 12.00
# Visual Studio Version 17
VisualStudioVersion = 17.6.33829.357
MinimumVisualStudioVersion = 10.0.40219.1
Project("{FAE04EC0-301F-11D3-BF4B-00C04F79EFBC}") = "Seguridad", "Seguridad\Seguridad.csproj", "{5B50B626-7307-49EE-993A-483265D4F015}"
EndProject
Global
	GlobalSection(SolutionConfigurationPlatforms) = preSolution
		Debug|Any CPU = Debug|Any CPU
		Release|Any CPU = Release|Any CPU
	EndGlobalSection
	GlobalSection(ProjectConfigurationPlatforms) = postSolution
		{5B50B626-7307-49EE-993A-483265D4F015}.Debug|Any CPU.ActiveCfg = Debug|Any CPU
		{5B50B626-7307-49EE-993A-483265D4F015}.Debug|Any CPU.Build.0 = Debug|Any CPU
		{5B50B626-7307-49EE-993A-483265D4F015}.Release|Any CPU.ActiveCfg = Release|Any CPU
		{5B50B626-7307-49EE-993A-483265D4F015}.Release|Any CPU.Build.0 = Release|Any CPU
	EndGlobalSection
	GlobalSection(SolutionProperties) = preSolution
		HideSolutionNode = FALSE
	EndGlobalSection
	GlobalSection(ExtensibilityGlobals) = postSolution
		SolutionGuid = {C86AD8AE-5091-4E1C-BBA2-8B0DED0AA4BB}
	EndGlobalSection
EndGlobal
